
Microsoft Visual Studio Solution File, Format Version 12.00
# Visual Studio 15
VisualStudioVersion = 15.0.28010.2041
MinimumVisualStudioVersion = 10.0.40219.1
Project("{FAE04EC0-301F-11D3-BF4B-00C04F79EFBC}") = "NfcPaymentDemo", "NfcPaymentDemo\NfcPaymentDemo.csproj", "{DE7486FA-FF5F-424C-882E-277497F348C8}"
EndProject
Global
	GlobalSection(SolutionConfigurationPlatforms) = preSolution
		Debug|Any CPU = Debug|Any CPU
		Release|Any CPU = Release|Any CPU
	EndGlobalSection
	GlobalSection(ProjectConfigurationPlatforms) = postSolution
		{DE7486FA-FF5F-424C-882E-277497F348C8}.Debug|Any CPU.ActiveCfg = Debug|Any CPU
		{DE7486FA-FF5F-424C-882E-277497F348C8}.Debug|Any CPU.Build.0 = Debug|Any CPU
		{DE7486FA-FF5F-424C-882E-277497F348C8}.Release|Any CPU.ActiveCfg = Release|Any CPU
		{DE7486FA-FF5F-424C-882E-277497F348C8}.Release|Any CPU.Build.0 = Release|Any CPU
	EndGlobalSection
	GlobalSection(SolutionProperties) = preSolution
		HideSolutionNode = FALSE
	EndGlobalSection
	GlobalSection(ExtensibilityGlobals) = postSolution
		SolutionGuid = {11FF375F-D637-4671-B7D0-F60A65AA5740}
	EndGlobalSection
EndGlobal
